
Microsoft Visual Studio Solution File, Format Version 12.00
# Visual Studio Version 16
VisualStudioVersion = 16.0.31624.102
MinimumVisualStudioVersion = 10.0.40219.1
Project("{FAE04EC0-301F-11D3-BF4B-00C04F79EFBC}") = "VersionesSO", "VersionesSO\VersionesSO.csproj", "{8422CC4B-5DCD-4ADD-B8CA-662FCF699147}"
EndProject
Global
	GlobalSection(SolutionConfigurationPlatforms) = preSolution
		Debug|Any CPU = Debug|Any CPU
		Release|Any CPU = Release|Any CPU
	EndGlobalSection
	GlobalSection(ProjectConfigurationPlatforms) = postSolution
		{8422CC4B-5DCD-4ADD-B8CA-662FCF699147}.Debug|Any CPU.ActiveCfg = Debug|Any CPU
		{8422CC4B-5DCD-4ADD-B8CA-662FCF699147}.Debug|Any CPU.Build.0 = Debug|Any CPU
		{8422CC4B-5DCD-4ADD-B8CA-662FCF699147}.Release|Any CPU.ActiveCfg = Release|Any CPU
		{8422CC4B-5DCD-4ADD-B8CA-662FCF699147}.Release|Any CPU.Build.0 = Release|Any CPU
	EndGlobalSection
	GlobalSection(SolutionProperties) = preSolution
		HideSolutionNode = FALSE
	EndGlobalSection
	GlobalSection(ExtensibilityGlobals) = postSolution
		SolutionGuid = {7297F5D9-BC84-484E-86CD-7F62DA171975}
	EndGlobalSection
EndGlobal
